
Microsoft Visual Studio Solution File, Format Version 12.00
# Visual Studio Version 17
VisualStudioVersion = 17.11.35219.272
MinimumVisualStudioVersion = 10.0.40219.1
Project("{FAE04EC0-301F-11D3-BF4B-00C04F79EFBC}") = "WebAPI", "WebAPI\WebAPI.csproj", "{B337C87E-2DE8-4819-ACCE-49EAADA51705}"
EndProject
Project("{FAE04EC0-301F-11D3-BF4B-00C04F79EFBC}") = "Tests", "Tests\Tests.csproj", "{AFED4557-C044-4BC9-BC18-4FCBA0E2AE21}"
EndProject
Project("{FAE04EC0-301F-11D3-BF4B-00C04F79EFBC}") = "Business", "Business\Business.csproj", "{A7043EC5-928E-4D95-9BB2-04CA858D56FE}"
EndProject
Project("{FAE04EC0-301F-11D3-BF4B-00C04F79EFBC}") = "DataAccess", "DataAccess\DataAccess.csproj", "{7E3A92A0-DBAA-408F-8D87-33B33BB5BC63}"
EndProject
Project("{FAE04EC0-301F-11D3-BF4B-00C04F79EFBC}") = "Core", "Core\Core.csproj", "{59DE63BD-2ECA-4996-BCC1-DCF2D9FF43C0}"
EndProject
Project("{FAE04EC0-301F-11D3-BF4B-00C04F79EFBC}") = "Entities", "Entities\Entities.csproj", "{58FE0C12-63A0-49DE-A495-2FE14B734BBD}"
EndProject
Global
	GlobalSection(SolutionConfigurationPlatforms) = preSolution
		Debug|Any CPU = Debug|Any CPU
		Release|Any CPU = Release|Any CPU
	EndGlobalSection
	GlobalSection(ProjectConfigurationPlatforms) = postSolution
		{B337C87E-2DE8-4819-ACCE-49EAADA51705}.Debug|Any CPU.ActiveCfg = Debug|Any CPU
		{B337C87E-2DE8-4819-ACCE-49EAADA51705}.Debug|Any CPU.Build.0 = Debug|Any CPU
		{B337C87E-2DE8-4819-ACCE-49EAADA51705}.Release|Any CPU.ActiveCfg = Release|Any CPU
		{B337C87E-2DE8-4819-ACCE-49EAADA51705}.Release|Any CPU.Build.0 = Release|Any CPU
		{AFED4557-C044-4BC9-BC18-4FCBA0E2AE21}.Debug|Any CPU.ActiveCfg = Debug|Any CPU
		{AFED4557-C044-4BC9-BC18-4FCBA0E2AE21}.Debug|Any CPU.Build.0 = Debug|Any CPU
		{AFED4557-C044-4BC9-BC18-4FCBA0E2AE21}.Release|Any CPU.ActiveCfg = Release|Any CPU
		{AFED4557-C044-4BC9-BC18-4FCBA0E2AE21}.Release|Any CPU.Build.0 = Release|Any CPU
		{A7043EC5-928E-4D95-9BB2-04CA858D56FE}.Debug|Any CPU.ActiveCfg = Debug|Any CPU
		{A7043EC5-928E-4D95-9BB2-04CA858D56FE}.Debug|Any CPU.Build.0 = Debug|Any CPU
		{A7043EC5-928E-4D95-9BB2-04CA858D56FE}.Release|Any CPU.ActiveCfg = Release|Any CPU
		{A7043EC5-928E-4D95-9BB2-04CA858D56FE}.Release|Any CPU.Build.0 = Release|Any CPU
		{7E3A92A0-DBAA-408F-8D87-33B33BB5BC63}.Debug|Any CPU.ActiveCfg = Debug|Any CPU
		{7E3A92A0-DBAA-408F-8D87-33B33BB5BC63}.Debug|Any CPU.Build.0 = Debug|Any CPU
		{7E3A92A0-DBAA-408F-8D87-33B33BB5BC63}.Release|Any CPU.ActiveCfg = Release|Any CPU
		{7E3A92A0-DBAA-408F-8D87-33B33BB5BC63}.Release|Any CPU.Build.0 = Release|Any CPU
		{59DE63BD-2ECA-4996-BCC1-DCF2D9FF43C0}.Debug|Any CPU.ActiveCfg = Debug|Any CPU
		{59DE63BD-2ECA-4996-BCC1-DCF2D9FF43C0}.Debug|Any CPU.Build.0 = Debug|Any CPU
		{59DE63BD-2ECA-4996-BCC1-DCF2D9FF43C0}.Release|Any CPU.ActiveCfg = Release|Any CPU
		{59DE63BD-2ECA-4996-BCC1-DCF2D9FF43C0}.Release|Any CPU.Build.0 = Release|Any CPU
		{58FE0C12-63A0-49DE-A495-2FE14B734BBD}.Debug|Any CPU.ActiveCfg = Debug|Any CPU
		{58FE0C12-63A0-49DE-A495-2FE14B734BBD}.Debug|Any CPU.Build.0 = Debug|Any CPU
		{58FE0C12-63A0-49DE-A495-2FE14B734BBD}.Release|Any CPU.ActiveCfg = Release|Any CPU
		{58FE0C12-63A0-49DE-A495-2FE14B734BBD}.Release|Any CPU.Build.0 = Release|Any CPU
	EndGlobalSection
	GlobalSection(SolutionProperties) = preSolution
		HideSolutionNode = FALSE
	EndGlobalSection
	GlobalSection(ExtensibilityGlobals) = postSolution
		SolutionGuid = {D923A0BD-8C67-48DB-91B8-607A7965D83E}
	EndGlobalSection
EndGlobal
